PODS:
  - Flutter (1.0.0)
  - liboqs (1.0.0):
    - Flutter

DEPENDENCIES:
  - Flutter (from `Flutter`)
  - liboqs (from `.symlinks/plugins/liboqs/ios`)

EXTERNAL SOURCES:
  Flutter:
    :path: Flutter
  liboqs:
    :path: ".symlinks/plugins/liboqs/ios"

SPEC CHECKSUMS:
  Flutter: cabc95a1d2626b1b06e7179b784ebcf0c0cde467
  liboqs: cfd64c17406a2e823e71fda6354f24aaabd181aa

PODFILE CHECKSUM: 3c63482e143d1b91d2d2560aee9fb04ecc74ac7e

COCOAPODS: 1.16.2
